
Microsoft Visual Studio Solution File, Format Version 12.00
# Visual Studio Version 17
VisualStudioVersion = 17.14.36414.22 d17.14
MinimumVisualStudioVersion = 10.0.40219.1
Project("{FAE04EC0-301F-11D3-BF4B-00C04F79EFBC}") = "ContactsManager.Server", "Server\ContactsManager.Server.csproj", "{6B3F5B15-6F63-4B8C-AB8C-5D8E5C5C9F11}"
EndProject
Global
	GlobalSection(SolutionConfigurationPlatforms) = preSolution
		Debug|Any CPU = Debug|Any CPU
		Release|Any CPU = Release|Any CPU
	EndGlobalSection
	GlobalSection(ProjectConfigurationPlatforms) = postSolution
		{6B3F5B15-6F63-4B8C-AB8C-5D8E5C5C9F11}.Debug|Any CPU.ActiveCfg = Debug|Any CPU
		{6B3F5B15-6F63-4B8C-AB8C-5D8E5C5C9F11}.Debug|Any CPU.Build.0 = Debug|Any CPU
		{6B3F5B15-6F63-4B8C-AB8C-5D8E5C5C9F11}.Release|Any CPU.ActiveCfg = Release|Any CPU
		{6B3F5B15-6F63-4B8C-AB8C-5D8E5C5C9F11}.Release|Any CPU.Build.0 = Release|Any CPU
	EndGlobalSection
	GlobalSection(SolutionProperties) = preSolution
		HideSolutionNode = FALSE
	EndGlobalSection
	GlobalSection(ExtensibilityGlobals) = postSolution
		SolutionGuid = {328A72A8-4F48-4CF3-BECC-904052823A10}
	EndGlobalSection
EndGlobal
