
Microsoft Visual Studio Solution File, Format Version 12.00
# Visual Studio Version 17
VisualStudioVersion = 17.14.36414.22 d17.14
MinimumVisualStudioVersion = 10.0.40219.1
Project("{FAE04EC0-301F-11D3-BF4B-00C04F79EFBC}") = "ContactsManager", "ContactsManager.csproj", "{D1624EAD-7252-41D7-8D89-C6B89D876CD3}"
EndProject
Global
	GlobalSection(SolutionConfigurationPlatforms) = preSolution
		Debug|Any CPU = Debug|Any CPU
		Release|Any CPU = Release|Any CPU
	EndGlobalSection
	GlobalSection(ProjectConfigurationPlatforms) = postSolution
		{D1624EAD-7252-41D7-8D89-C6B89D876CD3}.Debug|Any CPU.ActiveCfg = Debug|Any CPU
		{D1624EAD-7252-41D7-8D89-C6B89D876CD3}.Debug|Any CPU.Build.0 = Debug|Any CPU
		{D1624EAD-7252-41D7-8D89-C6B89D876CD3}.Release|Any CPU.ActiveCfg = Release|Any CPU
		{D1624EAD-7252-41D7-8D89-C6B89D876CD3}.Release|Any CPU.Build.0 = Release|Any CPU
	EndGlobalSection
	GlobalSection(SolutionProperties) = preSolution
		HideSolutionNode = FALSE
	EndGlobalSection
	GlobalSection(ExtensibilityGlobals) = postSolution
		SolutionGuid = {328A72A8-4F48-4CF3-BECC-904052823A10}
	EndGlobalSection
EndGlobal
